// !$*UTF8*$!
{
	archiveVersion = 1;
	classes = {
	};
	objectVersion = 50;
	objects = {

/* Begin PBXBuildFile section */
		1912179822603AAD00DBFA33 /* CubeCSViewController.mm in Sources */ = {isa = PBXBuildFile; fileRef = 1912179722603AAD00DBFA33 /* CubeCSViewController.mm */; };
		1912DB61225F3EE300D05EC2 /* simple3D_shaderf.fsh in Resources */ = {isa = PBXBuildFile; fileRef = 1912DB60225F3EE300D05EC2 /* simple3D_shaderf.fsh */; };
		193B57FD21475A4C00E40425 /* AppDelegate.m in Sources */ = {isa = PBXBuildFile; fileRef = 193B57FC21475A4C00E40425 /* AppDelegate.m */; };
		193B580021475A4C00E40425 /* ViewController.m in Sources */ = {isa = PBXBuildFile; fileRef = 193B57FF21475A4C00E40425 /* ViewController.m */; };
		193B580321475A4C00E40425 /* Main.storyboard in Resources */ = {isa = PBXBuildFile; fileRef = 193B580121475A4C00E40425 /* Main.storyboard */; };
		193B580521475A4D00E40425 /* Assets.xcassets in Resources */ = {isa = PBXBuildFile; fileRef = 193B580421475A4D00E40425 /* Assets.xcassets */; };
		193B580821475A4D00E40425 /* LaunchScreen.storyboard in Resources */ = {isa = PBXBuildFile; fileRef = 193B580621475A4D00E40425 /* LaunchScreen.storyboard */; };
		193B580B21475A4D00E40425 /* main.m in Sources */ = {isa = PBXBuildFile; fileRef = 193B580A21475A4D00E40425 /* main.m */; };
		193B58192147B34C00E40425 /* BaseViewController.m in Sources */ = {isa = PBXBuildFile; fileRef = 193B58182147B34C00E40425 /* BaseViewController.m */; };
		193B581C2147C6B900E40425 /* shaderf.fsh in Resources */ = {isa = PBXBuildFile; fileRef = 193B581A2147C6B900E40425 /* shaderf.fsh */; };
		193B581D2147C6B900E40425 /* shaderv.vsh in Resources */ = {isa = PBXBuildFile; fileRef = 193B581B2147C6B900E40425 /* shaderv.vsh */; };
		194008762230F18A0081EC6F /* transform_shaderv.vsh in Resources */ = {isa = PBXBuildFile; fileRef = 194008752230F18A0081EC6F /* transform_shaderv.vsh */; };
		194487AA222E116900A5A1E3 /* TwoTextureViewController.m in Sources */ = {isa = PBXBuildFile; fileRef = 194487A9222E116900A5A1E3 /* TwoTextureViewController.m */; };
		194487AC222E11FF00A5A1E3 /* two_texture_shaderf.fsh in Resources */ = {isa = PBXBuildFile; fileRef = 194487AB222E11FF00A5A1E3 /* two_texture_shaderf.fsh */; };
		194487AE222E127E00A5A1E3 /* two_texture_shaderv.vsh in Resources */ = {isa = PBXBuildFile; fileRef = 194487AD222E127E00A5A1E3 /* two_texture_shaderv.vsh */; };
		195583CE222CAD4E00E6F6CB /* OPGlTriangleViewController.m in Sources */ = {isa = PBXBuildFile; fileRef = 195583CA222CAD4E00E6F6CB /* OPGlTriangleViewController.m */; };
		195583CF222CAD4E00E6F6CB /* RectangleViewController.m in Sources */ = {isa = PBXBuildFile; fileRef = 195583CB222CAD4E00E6F6CB /* RectangleViewController.m */; };
		195583D2222CBA7A00E6F6CB /* GLSLViewController.m in Sources */ = {isa = PBXBuildFile; fileRef = 195583D1222CBA7A00E6F6CB /* GLSLViewController.m */; };
		195583D5222CD44B00E6F6CB /* GlSLUniformViewController.m in Sources */ = {isa = PBXBuildFile; fileRef = 195583D4222CD44B00E6F6CB /* GlSLUniformViewController.m */; };
		195583D9222CFD5500E6F6CB /* GLSLColorVertexViewController.m in Sources */ = {isa = PBXBuildFile; fileRef = 195583D8222CFD5500E6F6CB /* GLSLColorVertexViewController.m */; };
		195583DD222D0A3E00E6F6CB /* TextureViewController.m in Sources */ = {isa = PBXBuildFile; fileRef = 195583DC222D0A3E00E6F6CB /* TextureViewController.m */; };
		195583E0222D1B5F00E6F6CB /* BaseOpenGlViewController.m in Sources */ = {isa = PBXBuildFile; fileRef = 195583DF222D1B5F00E6F6CB /* BaseOpenGlViewController.m */; };
		195583E4222D1BE400E6F6CB /* texture_shaderv.vsh in Resources */ = {isa = PBXBuildFile; fileRef = 195583E2222D1BE400E6F6CB /* texture_shaderv.vsh */; };
		195583E5222D1BE400E6F6CB /* texture_shaderf.fsh in Resources */ = {isa = PBXBuildFile; fileRef = 195583E3222D1BE400E6F6CB /* texture_shaderf.fsh */; };
		19574446222F9D9100AE4383 /* TransformViewController.mm in Sources */ = {isa = PBXBuildFile; fileRef = 19574445222F9D9100AE4383 /* TransformViewController.mm */; };
		195FC993225ED159008FF16B /* CoordinateSystemsViewController.mm in Sources */ = {isa = PBXBuildFile; fileRef = 195FC992225ED159008FF16B /* CoordinateSystemsViewController.mm */; };
		195FC996225F0FDA008FF16B /* simple3D_shaderv.vsh in Resources */ = {isa = PBXBuildFile; fileRef = 195FC995225F0FDA008FF16B /* simple3D_shaderv.vsh */; };
		19ED2A52226715610030361A /* BaseCoordinateSysViewController.m in Sources */ = {isa = PBXBuildFile; fileRef = 19ED2A51226715610030361A /* BaseCoordinateSysViewController.m */; };
/* End PBXBuildFile section */

/* Begin PBXFileReference section */
		1912179622603AAD00DBFA33 /* CubeCSViewController.h */ = {isa = PBXFileReference; lastKnownFileType = sourcecode.c.h; path = CubeCSViewController.h; sourceTree = "<group>"; };
		1912179722603AAD00DBFA33 /* CubeCSViewController.mm */ = {isa = PBXFileReference; lastKnownFileType = sourcecode.cpp.objcpp; path = CubeCSViewController.mm; sourceTree = "<group>"; };
		1912DB60225F3EE300D05EC2 /* simple3D_shaderf.fsh */ = {isa = PBXFileReference; lastKnownFileType = sourcecode.glsl; path = simple3D_shaderf.fsh; sourceTree = "<group>"; };
		193B57F821475A4C00E40425 /* GlOpenGlESDemo.app */ = {isa = PBXFileReference; explicitFileType = wrapper.application; includeInIndex = 0; path = GlOpenGlESDemo.app; sourceTree = BUILT_PRODUCTS_DIR; };
		193B57FB21475A4C00E40425 /* AppDelegate.h */ = {isa = PBXFileReference; lastKnownFileType = sourcecode.c.h; path = AppDelegate.h; sourceTree = "<group>"; };
		193B57FC21475A4C00E40425 /* AppDelegate.m */ = {isa = PBXFileReference; lastKnownFileType = sourcecode.c.objc; path = AppDelegate.m; sourceTree = "<group>"; };
		193B57FE21475A4C00E40425 /* ViewController.h */ = {isa = PBXFileReference; lastKnownFileType = sourcecode.c.h; path = ViewController.h; sourceTree = "<group>"; };
		193B57FF21475A4C00E40425 /* ViewController.m */ = {isa = PBXFileReference; lastKnownFileType = sourcecode.c.objc; path = ViewController.m; sourceTree = "<group>"; };
		193B580221475A4C00E40425 /* Base */ = {isa = PBXFileReference; lastKnownFileType = file.storyboard; name = Base; path = Base.lproj/Main.storyboard; sourceTree = "<group>"; };
		193B580421475A4D00E40425 /* Assets.xcassets */ = {isa = PBXFileReference; lastKnownFileType = folder.assetcatalog; path = Assets.xcassets; sourceTree = "<group>"; };
		193B580721475A4D00E40425 /* Base */ = {isa = PBXFileReference; lastKnownFileType = file.storyboard; name = Base; path = Base.lproj/LaunchScreen.storyboard; sourceTree = "<group>"; };
		193B580921475A4D00E40425 /* Info.plist */ = {isa = PBXFileReference; lastKnownFileType = text.plist.xml; path = Info.plist; sourceTree = "<group>"; };
		193B580A21475A4D00E40425 /* main.m */ = {isa = PBXFileReference; lastKnownFileType = sourcecode.c.objc; path = main.m; sourceTree = "<group>"; };
		193B58172147B34C00E40425 /* BaseViewController.h */ = {isa = PBXFileReference; lastKnownFileType = sourcecode.c.h; path = BaseViewController.h; sourceTree = "<group>"; };
		193B58182147B34C00E40425 /* BaseViewController.m */ = {isa = PBXFileReference; lastKnownFileType = sourcecode.c.objc; path = BaseViewController.m; sourceTree = "<group>"; };
		193B581A2147C6B900E40425 /* shaderf.fsh */ = {isa = PBXFileReference; fileEncoding = 4; lastKnownFileType = sourcecode.glsl; path = shaderf.fsh; sourceTree = "<group>"; };
		193B581B2147C6B900E40425 /* shaderv.vsh */ = {isa = PBXFileReference; fileEncoding = 4; lastKnownFileType = sourcecode.glsl; path = shaderv.vsh; sourceTree = "<group>"; };
		194008752230F18A0081EC6F /* transform_shaderv.vsh */ = {isa = PBXFileReference; fileEncoding = 4; lastKnownFileType = sourcecode.glsl; path = transform_shaderv.vsh; sourceTree = "<group>"; };
		194487A8222E116900A5A1E3 /* TwoTextureViewController.h */ = {isa = PBXFileReference; lastKnownFileType = sourcecode.c.h; path = TwoTextureViewController.h; sourceTree = "<group>"; };
		194487A9222E116900A5A1E3 /* TwoTextureViewController.m */ = {isa = PBXFileReference; lastKnownFileType = sourcecode.c.objc; path = TwoTextureViewController.m; sourceTree = "<group>"; };
		194487AB222E11FF00A5A1E3 /* two_texture_shaderf.fsh */ = {isa = PBXFileReference; fileEncoding = 4; lastKnownFileType = sourcecode.glsl; path = two_texture_shaderf.fsh; sourceTree = "<group>"; };
		194487AD222E127E00A5A1E3 /* two_texture_shaderv.vsh */ = {isa = PBXFileReference; fileEncoding = 4; lastKnownFileType = sourcecode.glsl; path = two_texture_shaderv.vsh; sourceTree = "<group>"; };
		195583CA222CAD4E00E6F6CB /* OPGlTriangleViewController.m */ = {isa = PBXFileReference; fileEncoding = 4; lastKnownFileType = sourcecode.c.objc; path = OPGlTriangleViewController.m; sourceTree = "<group>"; };
		195583CB222CAD4E00E6F6CB /* RectangleViewController.m */ = {isa = PBXFileReference; fileEncoding = 4; lastKnownFileType = sourcecode.c.objc; path = RectangleViewController.m; sourceTree = "<group>"; };
		195583CC222CAD4E00E6F6CB /* RectangleViewController.h */ = {isa = PBXFileReference; fileEncoding = 4; lastKnownFileType = sourcecode.c.h; path = RectangleViewController.h; sourceTree = "<group>"; };
		195583CD222CAD4E00E6F6CB /* OPGlTriangleViewController.h */ = {isa = PBXFileReference; fileEncoding = 4; lastKnownFileType = sourcecode.c.h; path = OPGlTriangleViewController.h; sourceTree = "<group>"; };
		195583D0222CBA7A00E6F6CB /* GLSLViewController.h */ = {isa = PBXFileReference; lastKnownFileType = sourcecode.c.h; path = GLSLViewController.h; sourceTree = "<group>"; };
		195583D1222CBA7A00E6F6CB /* GLSLViewController.m */ = {isa = PBXFileReference; lastKnownFileType = sourcecode.c.objc; path = GLSLViewController.m; sourceTree = "<group>"; };
		195583D3222CD44B00E6F6CB /* GlSLUniformViewController.h */ = {isa = PBXFileReference; lastKnownFileType = sourcecode.c.h; path = GlSLUniformViewController.h; sourceTree = "<group>"; };
		195583D4222CD44B00E6F6CB /* GlSLUniformViewController.m */ = {isa = PBXFileReference; lastKnownFileType = sourcecode.c.objc; path = GlSLUniformViewController.m; sourceTree = "<group>"; };
		195583D7222CFD5500E6F6CB /* GLSLColorVertexViewController.h */ = {isa = PBXFileReference; lastKnownFileType = sourcecode.c.h; path = GLSLColorVertexViewController.h; sourceTree = "<group>"; };
		195583D8222CFD5500E6F6CB /* GLSLColorVertexViewController.m */ = {isa = PBXFileReference; lastKnownFileType = sourcecode.c.objc; path = GLSLColorVertexViewController.m; sourceTree = "<group>"; };
		195583DB222D0A3E00E6F6CB /* TextureViewController.h */ = {isa = PBXFileReference; lastKnownFileType = sourcecode.c.h; path = TextureViewController.h; sourceTree = "<group>"; };
		195583DC222D0A3E00E6F6CB /* TextureViewController.m */ = {isa = PBXFileReference; lastKnownFileType = sourcecode.c.objc; path = TextureViewController.m; sourceTree = "<group>"; };
		195583DE222D1B5F00E6F6CB /* BaseOpenGlViewController.h */ = {isa = PBXFileReference; lastKnownFileType = sourcecode.c.h; path = BaseOpenGlViewController.h; sourceTree = "<group>"; };
		195583DF222D1B5F00E6F6CB /* BaseOpenGlViewController.m */ = {isa = PBXFileReference; lastKnownFileType = sourcecode.c.objc; path = BaseOpenGlViewController.m; sourceTree = "<group>"; };
		195583E2222D1BE400E6F6CB /* texture_shaderv.vsh */ = {isa = PBXFileReference; fileEncoding = 4; lastKnownFileType = sourcecode.glsl; path = texture_shaderv.vsh; sourceTree = "<group>"; };
		195583E3222D1BE400E6F6CB /* texture_shaderf.fsh */ = {isa = PBXFileReference; fileEncoding = 4; lastKnownFileType = sourcecode.glsl; path = texture_shaderf.fsh; sourceTree = "<group>"; };
		19574444222F9D9100AE4383 /* TransformViewController.h */ = {isa = PBXFileReference; lastKnownFileType = sourcecode.c.h; path = TransformViewController.h; sourceTree = "<group>"; };
		19574445222F9D9100AE4383 /* TransformViewController.mm */ = {isa = PBXFileReference; lastKnownFileType = sourcecode.cpp.objcpp; path = TransformViewController.mm; sourceTree = "<group>"; };
		195FC991225ED159008FF16B /* CoordinateSystemsViewController.h */ = {isa = PBXFileReference; lastKnownFileType = sourcecode.c.h; path = CoordinateSystemsViewController.h; sourceTree = "<group>"; };
		195FC992225ED159008FF16B /* CoordinateSystemsViewController.mm */ = {isa = PBXFileReference; lastKnownFileType = sourcecode.cpp.objcpp; path = CoordinateSystemsViewController.mm; sourceTree = "<group>"; };
		195FC995225F0FDA008FF16B /* simple3D_shaderv.vsh */ = {isa = PBXFileReference; lastKnownFileType = sourcecode.glsl; path = simple3D_shaderv.vsh; sourceTree = "<group>"; };
		195FC998225F1940008FF16B /* CommHeader.h */ = {isa = PBXFileReference; lastKnownFileType = sourcecode.c.h; path = CommHeader.h; sourceTree = "<group>"; };
		19ED2A50226715610030361A /* BaseCoordinateSysViewController.h */ = {isa = PBXFileReference; lastKnownFileType = sourcecode.c.h; path = BaseCoordinateSysViewController.h; sourceTree = "<group>"; };
		19ED2A51226715610030361A /* BaseCoordinateSysViewController.m */ = {isa = PBXFileReference; lastKnownFileType = sourcecode.c.objc; path = BaseCoordinateSysViewController.m; sourceTree = "<group>"; };
/* End PBXFileReference section */

/* Begin PBXFrameworksBuildPhase section */
		193B57F521475A4C00E40425 /* Frameworks */ = {
			isa = PBXFrameworksBuildPhase;
			buildActionMask = 2147483647;
			files = (
			);
			runOnlyForDeploymentPostprocessing = 0;
		};
/* End PBXFrameworksBuildPhase section */

/* Begin PBXGroup section */
		193B57EF21475A4C00E40425 = {
			isa = PBXGroup;
			children = (
				193B57FA21475A4C00E40425 /* GlOpenGlESDemo */,
				193B57F921475A4C00E40425 /* Products */,
			);
			sourceTree = "<group>";
		};
		193B57F921475A4C00E40425 /* Products */ = {
			isa = PBXGroup;
			children = (
				193B57F821475A4C00E40425 /* GlOpenGlESDemo.app */,
			);
			name = Products;
			sourceTree = "<group>";
		};
		193B57FA21475A4C00E40425 /* GlOpenGlESDemo */ = {
			isa = PBXGroup;
			children = (
				195FC997225F192E008FF16B /* Comm */,
				194004062230BE5E0081EC6F /* Vendor */,
				194004032230B5920081EC6F /* Resource */,
				195583C9222CAD3200E6F6CB /* GlStudyDemo */,
				193B581A2147C6B900E40425 /* shaderf.fsh */,
				193B581B2147C6B900E40425 /* shaderv.vsh */,
				193B57FB21475A4C00E40425 /* AppDelegate.h */,
				193B57FC21475A4C00E40425 /* AppDelegate.m */,
				193B57FE21475A4C00E40425 /* ViewController.h */,
				193B57FF21475A4C00E40425 /* ViewController.m */,
				193B580121475A4C00E40425 /* Main.storyboard */,
				193B580421475A4D00E40425 /* Assets.xcassets */,
				193B580621475A4D00E40425 /* LaunchScreen.storyboard */,
				193B580921475A4D00E40425 /* Info.plist */,
				193B580A21475A4D00E40425 /* main.m */,
				193B58172147B34C00E40425 /* BaseViewController.h */,
				193B58182147B34C00E40425 /* BaseViewController.m */,
			);
			path = GlOpenGlESDemo;
			sourceTree = "<group>";
		};
		194004032230B5920081EC6F /* Resource */ = {
			isa = PBXGroup;
			children = (
			);
			path = Resource;
			sourceTree = "<group>";
		};
		194004062230BE5E0081EC6F /* Vendor */ = {
			isa = PBXGroup;
			children = (
			);
			path = Vendor;
			sourceTree = "<group>";
		};
		194008742230F1660081EC6F /* Shader */ = {
			isa = PBXGroup;
			children = (
				194008752230F18A0081EC6F /* transform_shaderv.vsh */,
			);
			path = Shader;
			sourceTree = "<group>";
		};
		195583C9222CAD3200E6F6CB /* GlStudyDemo */ = {
			isa = PBXGroup;
			children = (
				195FC990225ED038008FF16B /* Coordinate Systems */,
				19574443222F9D4300AE4383 /* Transform */,
				195583DA222D09FD00E6F6CB /* Texture */,
				195583D6222CFD2600E6F6CB /* GLSL */,
				195583CD222CAD4E00E6F6CB /* OPGlTriangleViewController.h */,
				195583CA222CAD4E00E6F6CB /* OPGlTriangleViewController.m */,
				195583CC222CAD4E00E6F6CB /* RectangleViewController.h */,
				195583CB222CAD4E00E6F6CB /* RectangleViewController.m */,
				195583DE222D1B5F00E6F6CB /* BaseOpenGlViewController.h */,
				195583DF222D1B5F00E6F6CB /* BaseOpenGlViewController.m */,
			);
			path = GlStudyDemo;
			sourceTree = "<group>";
		};
		195583D6222CFD2600E6F6CB /* GLSL */ = {
			isa = PBXGroup;
			children = (
				195583D0222CBA7A00E6F6CB /* GLSLViewController.h */,
				195583D1222CBA7A00E6F6CB /* GLSLViewController.m */,
				195583D3222CD44B00E6F6CB /* GlSLUniformViewController.h */,
				195583D4222CD44B00E6F6CB /* GlSLUniformViewController.m */,
				195583D7222CFD5500E6F6CB /* GLSLColorVertexViewController.h */,
				195583D8222CFD5500E6F6CB /* GLSLColorVertexViewController.m */,
			);
			path = GLSL;
			sourceTree = "<group>";
		};
		195583DA222D09FD00E6F6CB /* Texture */ = {
			isa = PBXGroup;
			children = (
				195583E1222D1B9700E6F6CB /* Shader */,
				195583DB222D0A3E00E6F6CB /* TextureViewController.h */,
				195583DC222D0A3E00E6F6CB /* TextureViewController.m */,
				194487A8222E116900A5A1E3 /* TwoTextureViewController.h */,
				194487A9222E116900A5A1E3 /* TwoTextureViewController.m */,
			);
			path = Texture;
			sourceTree = "<group>";
		};
		195583E1222D1B9700E6F6CB /* Shader */ = {
			isa = PBXGroup;
			children = (
				195583E3222D1BE400E6F6CB /* texture_shaderf.fsh */,
				195583E2222D1BE400E6F6CB /* texture_shaderv.vsh */,
				194487AB222E11FF00A5A1E3 /* two_texture_shaderf.fsh */,
				194487AD222E127E00A5A1E3 /* two_texture_shaderv.vsh */,
			);
			path = Shader;
			sourceTree = "<group>";
		};
		19574443222F9D4300AE4383 /* Transform */ = {
			isa = PBXGroup;
			children = (
				194008742230F1660081EC6F /* Shader */,
				19574444222F9D9100AE4383 /* TransformViewController.h */,
				19574445222F9D9100AE4383 /* TransformViewController.mm */,
			);
			path = Transform;
			sourceTree = "<group>";
		};
		195FC990225ED038008FF16B /* Coordinate Systems */ = {
			isa = PBXGroup;
			children = (
				19ED2A50226715610030361A /* BaseCoordinateSysViewController.h */,
				19ED2A51226715610030361A /* BaseCoordinateSysViewController.m */,
				195FC991225ED159008FF16B /* CoordinateSystemsViewController.h */,
				195FC992225ED159008FF16B /* CoordinateSystemsViewController.mm */,
				1912179622603AAD00DBFA33 /* CubeCSViewController.h */,
				1912179722603AAD00DBFA33 /* CubeCSViewController.mm */,
				195FC994225F0F7C008FF16B /* Shader */,
			);
			path = "Coordinate Systems";
			sourceTree = "<group>";
		};
		195FC994225F0F7C008FF16B /* Shader */ = {
			isa = PBXGroup;
			children = (
				195FC995225F0FDA008FF16B /* simple3D_shaderv.vsh */,
				1912DB60225F3EE300D05EC2 /* simple3D_shaderf.fsh */,
			);
			path = Shader;
			sourceTree = "<group>";
		};
		195FC997225F192E008FF16B /* Comm */ = {
			isa = PBXGroup;
			children = (
				195FC998225F1940008FF16B /* CommHeader.h */,
			);
			path = Comm;
			sourceTree = "<group>";
		};
/* End PBXGroup section */

/* Begin PBXNativeTarget section */
		193B57F721475A4C00E40425 /* GlOpenGlESDemo */ = {
			isa = PBXNativeTarget;
			buildConfigurationList = 193B580E21475A4D00E40425 /* Build configuration list for PBXNativeTarget "GlOpenGlESDemo" */;
			buildPhases = (
				193B57F421475A4C00E40425 /* Sources */,
				193B57F521475A4C00E40425 /* Frameworks */,
				193B57F621475A4C00E40425 /* Resources */,
			);
			buildRules = (
			);
			dependencies = (
			);
			name = GlOpenGlESDemo;
			productName = GlOpenGlESDemo;
			productReference = 193B57F821475A4C00E40425 /* GlOpenGlESDemo.app */;
			productType = "com.apple.product-type.application";
		};
/* End PBXNativeTarget section */

/* Begin PBXProject section */
		193B57F021475A4C00E40425 /* Project object */ = {
			isa = PBXProject;
			attributes = {
				LastUpgradeCheck = 0940;
				ORGANIZATIONNAME = gleeeli;
				TargetAttributes = {
					193B57F721475A4C00E40425 = {
						CreatedOnToolsVersion = 9.4.1;
					};
				};
			};
			buildConfigurationList = 193B57F321475A4C00E40425 /* Build configuration list for PBXProject "GlOpenGlESDemo" */;
			compatibilityVersion = "Xcode 9.3";
			developmentRegion = en;
			hasScannedForEncodings = 0;
			knownRegions = (
				en,
				Base,
			);
			mainGroup = 193B57EF21475A4C00E40425;
			productRefGroup = 193B57F921475A4C00E40425 /* Products */;
			projectDirPath = "";
			projectRoot = "";
			targets = (
				193B57F721475A4C00E40425 /* GlOpenGlESDemo */,
			);
		};
/* End PBXProject section */

/* Begin PBXResourcesBuildPhase section */
		193B57F621475A4C00E40425 /* Resources */ = {
			isa = PBXResourcesBuildPhase;
			buildActionMask = 2147483647;
			files = (
				193B581D2147C6B900E40425 /* shaderv.vsh in Resources */,
				194487AE222E127E00A5A1E3 /* two_texture_shaderv.vsh in Resources */,
				193B580821475A4D00E40425 /* LaunchScreen.storyboard in Resources */,
				195FC996225F0FDA008FF16B /* simple3D_shaderv.vsh in Resources */,
				195583E5222D1BE400E6F6CB /* texture_shaderf.fsh in Resources */,
				193B580521475A4D00E40425 /* Assets.xcassets in Resources */,
				194008762230F18A0081EC6F /* transform_shaderv.vsh in Resources */,
				194487AC222E11FF00A5A1E3 /* two_texture_shaderf.fsh in Resources */,
				1912DB61225F3EE300D05EC2 /* simple3D_shaderf.fsh in Resources */,
				193B580321475A4C00E40425 /* Main.storyboard in Resources */,
				193B581C2147C6B900E40425 /* shaderf.fsh in Resources */,
				195583E4222D1BE400E6F6CB /* texture_shaderv.vsh in Resources */,
			);
			runOnlyForDeploymentPostprocessing = 0;
		};
/* End PBXResourcesBuildPhase section */

/* Begin PBXSourcesBuildPhase section */
		193B57F421475A4C00E40425 /* Sources */ = {
			isa = PBXSourcesBuildPhase;
			buildActionMask = 2147483647;
			files = (
				195583CF222CAD4E00E6F6CB /* RectangleViewController.m in Sources */,
				195583CE222CAD4E00E6F6CB /* OPGlTriangleViewController.m in Sources */,
				195583DD222D0A3E00E6F6CB /* TextureViewController.m in Sources */,
				195583D2222CBA7A00E6F6CB /* GLSLViewController.m in Sources */,
				193B580021475A4C00E40425 /* ViewController.m in Sources */,
				195583D9222CFD5500E6F6CB /* GLSLColorVertexViewController.m in Sources */,
				193B58192147B34C00E40425 /* BaseViewController.m in Sources */,
				19ED2A52226715610030361A /* BaseCoordinateSysViewController.m in Sources */,
				194487AA222E116900A5A1E3 /* TwoTextureViewController.m in Sources */,
				1912179822603AAD00DBFA33 /* CubeCSViewController.mm in Sources */,
				195583E0222D1B5F00E6F6CB /* BaseOpenGlViewController.m in Sources */,
				193B580B21475A4D00E40425 /* main.m in Sources */,
				193B57FD21475A4C00E40425 /* AppDelegate.m in Sources */,
				195FC993225ED159008FF16B /* CoordinateSystemsViewController.mm in Sources */,
				19574446222F9D9100AE4383 /* TransformViewController.mm in Sources */,
				195583D5222CD44B00E6F6CB /* GlSLUniformViewController.m in Sources */,
			);
			runOnlyForDeploymentPostprocessing = 0;
		};
/* End PBXSourcesBuildPhase section */

/* Begin PBXVariantGroup section */
		193B580121475A4C00E40425 /* Main.storyboard */ = {
			isa = PBXVariantGroup;
			children = (
				193B580221475A4C00E40425 /* Base */,
			);
			name = Main.storyboard;
			sourceTree = "<group>";
		};
		193B580621475A4D00E40425 /* LaunchScreen.storyboard */ = {
			isa = PBXVariantGroup;
			children = (
				193B580721475A4D00E40425 /* Base */,
			);
			name = LaunchScreen.storyboard;
			sourceTree = "<group>";
		};
/* End PBXVariantGroup section */

/* Begin XCBuildConfiguration section */
		193B580C21475A4D00E40425 /* Debug */ = {
			isa = XCBuildConfiguration;
			buildSettings = {
				ALWAYS_SEARCH_USER_PATHS = NO;
				CLANG_ANALYZER_NONNULL = YES;
				CLANG_ANALYZER_NUMBER_OBJECT_CONVERSION = YES_AGGRESSIVE;
				CLANG_CXX_LANGUAGE_STANDARD = "gnu++14";
				CLANG_CXX_LIBRARY = "libc++";
				CLANG_ENABLE_MODULES = YES;
				CLANG_ENABLE_OBJC_ARC = YES;
				CLANG_ENABLE_OBJC_WEAK = YES;
				CLANG_WARN_BLOCK_CAPTURE_AUTORELEASING = YES;
				CLANG_WARN_BOOL_CONVERSION = YES;
				CLANG_WARN_COMMA = YES;
				CLANG_WARN_CONSTANT_CONVERSION = YES;
				CLANG_WARN_DEPRECATED_OBJC_IMPLEMENTATIONS = YES;
				CLANG_WARN_DIRECT_OBJC_ISA_USAGE = YES_ERROR;
				CLANG_WARN_DOCUMENTATION_COMMENTS = YES;
				CLANG_WARN_EMPTY_BODY = YES;
				CLANG_WARN_ENUM_CONVERSION = YES;
				CLANG_WARN_INFINITE_RECURSION = YES;
				CLANG_WARN_INT_CONVERSION = YES;
				CLANG_WARN_NON_LITERAL_NULL_CONVERSION = YES;
				CLANG_WARN_OBJC_IMPLICIT_RETAIN_SELF = YES;
				CLANG_WARN_OBJC_LITERAL_CONVERSION = YES;
				CLANG_WARN_OBJC_ROOT_CLASS = YES_ERROR;
				CLANG_WARN_RANGE_LOOP_ANALYSIS = YES;
				CLANG_WARN_STRICT_PROTOTYPES = YES;
				CLANG_WARN_SUSPICIOUS_MOVE = YES;
				CLANG_WARN_UNGUARDED_AVAILABILITY = YES_AGGRESSIVE;
				CLANG_WARN_UNREACHABLE_CODE = YES;
				CLANG_WARN__DUPLICATE_METHOD_MATCH = YES;
				CODE_SIGN_IDENTITY = "iPhone Developer";
				COPY_PHASE_STRIP = NO;
				DEBUG_INFORMATION_FORMAT = dwarf;
				ENABLE_STRICT_OBJC_MSGSEND = YES;
				ENABLE_TESTABILITY = YES;
				GCC_C_LANGUAGE_STANDARD = gnu11;
				GCC_DYNAMIC_NO_PIC = NO;
				GCC_NO_COMMON_BLOCKS = YES;
				GCC_OPTIMIZATION_LEVEL = 0;
				GCC_PREPROCESSOR_DEFINITIONS = (
					"DEBUG=1",
					"$(inherited)",
				);
				GCC_WARN_64_TO_32_BIT_CONVERSION = YES;
				GCC_WARN_ABOUT_RETURN_TYPE = YES_ERROR;
				GCC_WARN_UNDECLARED_SELECTOR = YES;
				GCC_WARN_UNINITIALIZED_AUTOS = YES_AGGRESSIVE;
				GCC_WARN_UNUSED_FUNCTION = YES;
				GCC_WARN_UNUSED_VARIABLE = YES;
				IPHONEOS_DEPLOYMENT_TARGET = 11.4;
				MTL_ENABLE_DEBUG_INFO = YES;
				ONLY_ACTIVE_ARCH = YES;
				SDKROOT = iphoneos;
			};
			name = Debug;
		};
		193B580D21475A4D00E40425 /* Release */ = {
			isa = XCBuildConfiguration;
			buildSettings = {
				ALWAYS_SEARCH_USER_PATHS = NO;
				CLANG_ANALYZER_NONNULL = YES;
				CLANG_ANALYZER_NUMBER_OBJECT_CONVERSION = YES_AGGRESSIVE;
				CLANG_CXX_LANGUAGE_STANDARD = "gnu++14";
				CLANG_CXX_LIBRARY = "libc++";
				CLANG_ENABLE_MODULES = YES;
				CLANG_ENABLE_OBJC_ARC = YES;
				CLANG_ENABLE_OBJC_WEAK = YES;
				CLANG_WARN_BLOCK_CAPTURE_AUTORELEASING = YES;
				CLANG_WARN_BOOL_CONVERSION = YES;
				CLANG_WARN_COMMA = YES;
				CLANG_WARN_CONSTANT_CONVERSION = YES;
				CLANG_WARN_DEPRECATED_OBJC_IMPLEMENTATIONS = YES;
				CLANG_WARN_DIRECT_OBJC_ISA_USAGE = YES_ERROR;
				CLANG_WARN_DOCUMENTATION_COMMENTS = YES;
				CLANG_WARN_EMPTY_BODY = YES;
				CLANG_WARN_ENUM_CONVERSION = YES;
				CLANG_WARN_INFINITE_RECURSION = YES;
				CLANG_WARN_INT_CONVERSION = YES;
				CLANG_WARN_NON_LITERAL_NULL_CONVERSION = YES;
				CLANG_WARN_OBJC_IMPLICIT_RETAIN_SELF = YES;
				CLANG_WARN_OBJC_LITERAL_CONVERSION = YES;
				CLANG_WARN_OBJC_ROOT_CLASS = YES_ERROR;
				CLANG_WARN_RANGE_LOOP_ANALYSIS = YES;
				CLANG_WARN_STRICT_PROTOTYPES = YES;
				CLANG_WARN_SUSPICIOUS_MOVE = YES;
				CLANG_WARN_UNGUARDED_AVAILABILITY = YES_AGGRESSIVE;
				CLANG_WARN_UNREACHABLE_CODE = YES;
				CLANG_WARN__DUPLICATE_METHOD_MATCH = YES;
				CODE_SIGN_IDENTITY = "iPhone Developer";
				COPY_PHASE_STRIP = NO;
				DEBUG_INFORMATION_FORMAT = "dwarf-with-dsym";
				ENABLE_NS_ASSERTIONS = NO;
				ENABLE_STRICT_OBJC_MSGSEND = YES;
				GCC_C_LANGUAGE_STANDARD = gnu11;
				GCC_NO_COMMON_BLOCKS = YES;
				GCC_WARN_64_TO_32_BIT_CONVERSION = YES;
				GCC_WARN_ABOUT_RETURN_TYPE = YES_ERROR;
				GCC_WARN_UNDECLARED_SELECTOR = YES;
				GCC_WARN_UNINITIALIZED_AUTOS = YES_AGGRESSIVE;
				GCC_WARN_UNUSED_FUNCTION = YES;
				GCC_WARN_UNUSED_VARIABLE = YES;
				IPHONEOS_DEPLOYMENT_TARGET = 11.4;
				MTL_ENABLE_DEBUG_INFO = NO;
				SDKROOT = iphoneos;
				VALIDATE_PRODUCT = YES;
			};
			name = Release;
		};
		193B580F21475A4D00E40425 /* Debug */ = {
			isa = XCBuildConfiguration;
			buildSettings = {
				ASSETCATALOG_COMPILER_APPICON_NAME = AppIcon;
				CODE_SIGN_STYLE = Automatic;
				HEADER_SEARCH_PATHS = /usr/local/Cellar/glm/0.9.9.3/include;
				INFOPLIST_FILE = GlOpenGlESDemo/Info.plist;
				LD_RUNPATH_SEARCH_PATHS = (
					"$(inherited)",
					"@executable_path/Frameworks",
				);
				PRODUCT_BUNDLE_IDENTIFIER = gleeeli.GlOpenGlESDemo;
				PRODUCT_NAME = "$(TARGET_NAME)";
				TARGETED_DEVICE_FAMILY = "1,2";
			};
			name = Debug;
		};
		193B581021475A4D00E40425 /* Release */ = {
			isa = XCBuildConfiguration;
			buildSettings = {
				ASSETCATALOG_COMPILER_APPICON_NAME = AppIcon;
				CODE_SIGN_STYLE = Automatic;
				HEADER_SEARCH_PATHS = /usr/local/Cellar/glm/0.9.9.3/include;
				INFOPLIST_FILE = GlOpenGlESDemo/Info.plist;
				LD_RUNPATH_SEARCH_PATHS = (
					"$(inherited)",
					"@executable_path/Frameworks",
				);
				PRODUCT_BUNDLE_IDENTIFIER = gleeeli.GlOpenGlESDemo;
				PRODUCT_NAME = "$(TARGET_NAME)";
				TARGETED_DEVICE_FAMILY = "1,2";
			};
			name = Release;
		};
/* End XCBuildConfiguration section */

/* Begin XCConfigurationList section */
		193B57F321475A4C00E40425 /* Build configuration list for PBXProject "GlOpenGlESDemo" */ = {
			isa = XCConfigurationList;
			buildConfigurations = (
				193B580C21475A4D00E40425 /* Debug */,
				193B580D21475A4D00E40425 /* Release */,
			);
			defaultConfigurationIsVisible = 0;
			defaultConfigurationName = Release;
		};
		193B580E21475A4D00E40425 /* Build configuration list for PBXNativeTarget "GlOpenGlESDemo" */ = {
			isa = XCConfigurationList;
			buildConfigurations = (
				193B580F21475A4D00E40425 /* Debug */,
				193B581021475A4D00E40425 /* Release */,
			);
			defaultConfigurationIsVisible = 0;
			defaultConfigurationName = Release;
		};
/* End XCConfigurationList section */
	};
	rootObject = 193B57F021475A4C00E40425 /* Project object */;
}
